
Microsoft Visual Studio Solution File, Format Version 12.00
# Visual Studio Version 17
VisualStudioVersion = 17.2.32519.379
MinimumVisualStudioVersion = 10.0.40219.1
Project("{FAE04EC0-301F-11D3-BF4B-00C04F79EFBC}") = "l4Razor", "l4Razor\l4Razor.csproj", "{0CBED1A3-3D66-454D-8D13-AF90675E1E17}"
EndProject
Global
	GlobalSection(SolutionConfigurationPlatforms) = preSolution
		Debug|Any CPU = Debug|Any CPU
		Release|Any CPU = Release|Any CPU
	EndGlobalSection
	GlobalSection(ProjectConfigurationPlatforms) = postSolution
		{0CBED1A3-3D66-454D-8D13-AF90675E1E17}.Debug|Any CPU.ActiveCfg = Debug|Any CPU
		{0CBED1A3-3D66-454D-8D13-AF90675E1E17}.Debug|Any CPU.Build.0 = Debug|Any CPU
		{0CBED1A3-3D66-454D-8D13-AF90675E1E17}.Release|Any CPU.ActiveCfg = Release|Any CPU
		{0CBED1A3-3D66-454D-8D13-AF90675E1E17}.Release|Any CPU.Build.0 = Release|Any CPU
	EndGlobalSection
	GlobalSection(SolutionProperties) = preSolution
		HideSolutionNode = FALSE
	EndGlobalSection
	GlobalSection(ExtensibilityGlobals) = postSolution
		SolutionGuid = {63AFB2A0-04C0-4409-A97B-3961C7722D33}
	EndGlobalSection
EndGlobal
